Microsoft Visual Studio Solution File, Format Version 12.00
# Visual Studio Version 17
VisualStudioVersion = 17.5.2.0
MinimumVisualStudioVersion = 10.0.40219.1
Project("{2150E333-8FDC-42A3-9474-1A3956D46DE8}") = "host", "host", "{7226ABEA-787E-1D09-10EA-A2ECF996D6A6}"
EndProject
Project("{2150E333-8FDC-42A3-9474-1A3956D46DE8}") = "src", "src", "{77A09C0C-CFF7-1430-5CB7-9ECB7CDC7C1E}"
EndProject
Project("{FAE04EC0-301F-11D3-BF4B-00C04F79EFBC}") = "LinkedInJobLoggerHost", "host\src\LinkedInJobLoggerHost\LinkedInJobLoggerHost.csproj", "{1852788D-E96D-486D-AEF4-3BECD4572E1C}"
EndProject
Global
	GlobalSection(SolutionConfigurationPlatforms) = preSolution
		Debug|Any CPU = Debug|Any CPU
		Release|Any CPU = Release|Any CPU
	EndGlobalSection
	GlobalSection(ProjectConfigurationPlatforms) = postSolution
		{1852788D-E96D-486D-AEF4-3BECD4572E1C}.Debug|Any CPU.ActiveCfg = Debug|Any CPU
		{1852788D-E96D-486D-AEF4-3BECD4572E1C}.Debug|Any CPU.Build.0 = Debug|Any CPU
		{1852788D-E96D-486D-AEF4-3BECD4572E1C}.Release|Any CPU.ActiveCfg = Release|Any CPU
		{1852788D-E96D-486D-AEF4-3BECD4572E1C}.Release|Any CPU.Build.0 = Release|Any CPU
	EndGlobalSection
	GlobalSection(SolutionProperties) = preSolution
		HideSolutionNode = FALSE
	EndGlobalSection
	GlobalSection(NestedProjects) = preSolution
		{77A09C0C-CFF7-1430-5CB7-9ECB7CDC7C1E} = {7226ABEA-787E-1D09-10EA-A2ECF996D6A6}
		{1852788D-E96D-486D-AEF4-3BECD4572E1C} = {77A09C0C-CFF7-1430-5CB7-9ECB7CDC7C1E}
	EndGlobalSection
	GlobalSection(ExtensibilityGlobals) = postSolution
		SolutionGuid = {D9FE8074-E194-4B2F-BFAA-B44A56E44C0B}
	EndGlobalSection
EndGlobal
